
Microsoft Visual Studio Solution File, Format Version 12.00
Project("{FAE04EC0-301F-11D3-BF4B-00C04F79EFBC}") = "kolos2CodeFirst", "kolos2CodeFirst\kolos2CodeFirst.csproj", "{A7113D72-52F2-4C28-9AC8-EB5BE7C18329}"
EndProject
Global
	GlobalSection(SolutionConfigurationPlatforms) = preSolution
		Debug|Any CPU = Debug|Any CPU
		Release|Any CPU = Release|Any CPU
	EndGlobalSection
	GlobalSection(ProjectConfigurationPlatforms) = postSolution
		{A7113D72-52F2-4C28-9AC8-EB5BE7C18329}.Debug|Any CPU.ActiveCfg = Debug|Any CPU
		{A7113D72-52F2-4C28-9AC8-EB5BE7C18329}.Debug|Any CPU.Build.0 = Debug|Any CPU
		{A7113D72-52F2-4C28-9AC8-EB5BE7C18329}.Release|Any CPU.ActiveCfg = Release|Any CPU
		{A7113D72-52F2-4C28-9AC8-EB5BE7C18329}.Release|Any CPU.Build.0 = Release|Any CPU
	EndGlobalSection
EndGlobal
